
Microsoft Visual Studio Solution File, Format Version 12.00
# Visual Studio 2012
Project("{D954291E-2A0B-460D-934E-DC6B0785DB48}") = "HAppi", "HAppi\HAppi.shproj", "{778009DC-E67F-417C-B1C1-2EDFE6B1C76F}"
EndProject
Project("{FAE04EC0-301F-11D3-BF4B-00C04F79EFBC}") = "HAppi.Droid", "Droid\HAppi.Droid.csproj", "{AEECC5FD-847B-4C62-8BD7-29A94D4E424D}"
EndProject
Project("{FAE04EC0-301F-11D3-BF4B-00C04F79EFBC}") = "HAppi.iOS", "iOS\HAppi.iOS.csproj", "{61B68AE1-F13A-450B-A2D9-162A2E92BA40}"
EndProject
Global
	GlobalSection(SolutionConfigurationPlatforms) = preSolution
		Debug|Any CPU = Debug|Any CPU
		Release|Any CPU = Release|Any CPU
		Debug|iPhoneSimulator = Debug|iPhoneSimulator
		Release|iPhone = Release|iPhone
		Release|iPhoneSimulator = Release|iPhoneSimulator
		Debug|iPhone = Debug|iPhone
	EndGlobalSection
	GlobalSection(ProjectConfigurationPlatforms) = postSolution
		{AEECC5FD-847B-4C62-8BD7-29A94D4E424D}.Debug|Any CPU.ActiveCfg = Debug|Any CPU
		{AEECC5FD-847B-4C62-8BD7-29A94D4E424D}.Debug|Any CPU.Build.0 = Debug|Any CPU
		{AEECC5FD-847B-4C62-8BD7-29A94D4E424D}.Release|Any CPU.ActiveCfg = Release|Any CPU
		{AEECC5FD-847B-4C62-8BD7-29A94D4E424D}.Release|Any CPU.Build.0 = Release|Any CPU
		{AEECC5FD-847B-4C62-8BD7-29A94D4E424D}.Debug|iPhoneSimulator.ActiveCfg = Debug|Any CPU
		{AEECC5FD-847B-4C62-8BD7-29A94D4E424D}.Debug|iPhoneSimulator.Build.0 = Debug|Any CPU
		{AEECC5FD-847B-4C62-8BD7-29A94D4E424D}.Release|iPhone.ActiveCfg = Release|Any CPU
		{AEECC5FD-847B-4C62-8BD7-29A94D4E424D}.Release|iPhone.Build.0 = Release|Any CPU
		{AEECC5FD-847B-4C62-8BD7-29A94D4E424D}.Release|iPhoneSimulator.ActiveCfg = Release|Any CPU
		{AEECC5FD-847B-4C62-8BD7-29A94D4E424D}.Release|iPhoneSimulator.Build.0 = Release|Any CPU
		{AEECC5FD-847B-4C62-8BD7-29A94D4E424D}.Debug|iPhone.ActiveCfg = Debug|Any CPU
		{AEECC5FD-847B-4C62-8BD7-29A94D4E424D}.Debug|iPhone.Build.0 = Debug|Any CPU
		{61B68AE1-F13A-450B-A2D9-162A2E92BA40}.Debug|Any CPU.ActiveCfg = Debug|iPhoneSimulator
		{61B68AE1-F13A-450B-A2D9-162A2E92BA40}.Debug|Any CPU.Build.0 = Debug|iPhoneSimulator
		{61B68AE1-F13A-450B-A2D9-162A2E92BA40}.Release|Any CPU.ActiveCfg = Release|iPhone
		{61B68AE1-F13A-450B-A2D9-162A2E92BA40}.Release|Any CPU.Build.0 = Release|iPhone
		{61B68AE1-F13A-450B-A2D9-162A2E92BA40}.Debug|iPhoneSimulator.ActiveCfg = Debug|iPhoneSimulator
		{61B68AE1-F13A-450B-A2D9-162A2E92BA40}.Debug|iPhoneSimulator.Build.0 = Debug|iPhoneSimulator
		{61B68AE1-F13A-450B-A2D9-162A2E92BA40}.Release|iPhone.ActiveCfg = Release|iPhone
		{61B68AE1-F13A-450B-A2D9-162A2E92BA40}.Release|iPhone.Build.0 = Release|iPhone
		{61B68AE1-F13A-450B-A2D9-162A2E92BA40}.Release|iPhoneSimulator.ActiveCfg = Release|iPhoneSimulator
		{61B68AE1-F13A-450B-A2D9-162A2E92BA40}.Release|iPhoneSimulator.Build.0 = Release|iPhoneSimulator
		{61B68AE1-F13A-450B-A2D9-162A2E92BA40}.Debug|iPhone.ActiveCfg = Debug|iPhone
		{61B68AE1-F13A-450B-A2D9-162A2E92BA40}.Debug|iPhone.Build.0 = Debug|iPhone
	EndGlobalSection
EndGlobal
