Microsoft Visual Studio Solution File, Format Version 12.00
# Visual Studio 14
VisualStudioVersion = 14.0.25420.1
MinimumVisualStudioVersion = 10.0.40219.1
Project("{D954291E-2A0B-460D-934E-DC6B0785DB48}") = "HAppi", "HAppi\HAppi.shproj", "{778009DC-E67F-417C-B1C1-2EDFE6B1C76F}"
EndProject
Project("{FAE04EC0-301F-11D3-BF4B-00C04F79EFBC}") = "HAppi.Droid", "Droid\HAppi.Droid.csproj", "{AEECC5FD-847B-4C62-8BD7-29A94D4E424D}"
EndProject
Project("{FAE04EC0-301F-11D3-BF4B-00C04F79EFBC}") = "HAppi.iOS", "iOS\HAppi.iOS.csproj", "{61B68AE1-F13A-450B-A2D9-162A2E92BA40}"
EndProject
Project("{FAE04EC0-301F-11D3-BF4B-00C04F79EFBC}") = "HAppi.ClassLibrary.UnitTests", "HAppi.ClassLibrary.UnitTests\HAppi.ClassLibrary.UnitTests.csproj", "{929C21ED-CCD9-4772-9C05-FFCBD26B9AD1}"
EndProject
Project("{2150E333-8FDC-42A3-9474-1A3956D46DE8}") = "Solution Items", "Solution Items", "{724BA436-1E29-4684-A3AC-17DAEF869FB7}"
	ProjectSection(SolutionItems) = preProject
		.travis.yml = .travis.yml
		Dockerfile = Dockerfile
		LICENSE.txt = LICENSE.txt
	EndProjectSection
EndProject
Global
	GlobalSection(SharedMSBuildProjectFiles) = preSolution
		HAppi\HAppi.projitems*{61b68ae1-f13a-450b-a2d9-162a2e92ba40}*SharedItemsImports = 4
		HAppi\HAppi.projitems*{778009dc-e67f-417c-b1c1-2edfe6b1c76f}*SharedItemsImports = 13
		HAppi\HAppi.projitems*{929c21ed-ccd9-4772-9c05-ffcbd26b9ad1}*SharedItemsImports = 4
		HAppi\HAppi.projitems*{aeecc5fd-847b-4c62-8bd7-29a94d4e424d}*SharedItemsImports = 4
	EndGlobalSection
	GlobalSection(SolutionConfigurationPlatforms) = preSolution
		Debug|Any CPU = Debug|Any CPU
		Debug|iPhone = Debug|iPhone
		Debug|iPhoneSimulator = Debug|iPhoneSimulator
		Release|Any CPU = Release|Any CPU
		Release|iPhone = Release|iPhone
		Release|iPhoneSimulator = Release|iPhoneSimulator
	EndGlobalSection
	GlobalSection(ProjectConfigurationPlatforms) = postSolution
		{AEECC5FD-847B-4C62-8BD7-29A94D4E424D}.Debug|Any CPU.ActiveCfg = Debug|Any CPU
		{AEECC5FD-847B-4C62-8BD7-29A94D4E424D}.Debug|Any CPU.Build.0 = Debug|Any CPU
		{AEECC5FD-847B-4C62-8BD7-29A94D4E424D}.Debug|iPhone.ActiveCfg = Debug|Any CPU
		{AEECC5FD-847B-4C62-8BD7-29A94D4E424D}.Debug|iPhone.Build.0 = Debug|Any CPU
		{AEECC5FD-847B-4C62-8BD7-29A94D4E424D}.Debug|iPhoneSimulator.ActiveCfg = Debug|Any CPU
		{AEECC5FD-847B-4C62-8BD7-29A94D4E424D}.Debug|iPhoneSimulator.Build.0 = Debug|Any CPU
		{AEECC5FD-847B-4C62-8BD7-29A94D4E424D}.Release|Any CPU.ActiveCfg = Release|Any CPU
		{AEECC5FD-847B-4C62-8BD7-29A94D4E424D}.Release|Any CPU.Build.0 = Release|Any CPU
		{AEECC5FD-847B-4C62-8BD7-29A94D4E424D}.Release|iPhone.ActiveCfg = Release|Any CPU
		{AEECC5FD-847B-4C62-8BD7-29A94D4E424D}.Release|iPhone.Build.0 = Release|Any CPU
		{AEECC5FD-847B-4C62-8BD7-29A94D4E424D}.Release|iPhoneSimulator.ActiveCfg = Release|Any CPU
		{AEECC5FD-847B-4C62-8BD7-29A94D4E424D}.Release|iPhoneSimulator.Build.0 = Release|Any CPU
		{61B68AE1-F13A-450B-A2D9-162A2E92BA40}.Debug|Any CPU.ActiveCfg = Debug|iPhoneSimulator
		{61B68AE1-F13A-450B-A2D9-162A2E92BA40}.Debug|Any CPU.Build.0 = Debug|iPhoneSimulator
		{61B68AE1-F13A-450B-A2D9-162A2E92BA40}.Debug|iPhone.ActiveCfg = Debug|iPhone
		{61B68AE1-F13A-450B-A2D9-162A2E92BA40}.Debug|iPhone.Build.0 = Debug|iPhone
		{61B68AE1-F13A-450B-A2D9-162A2E92BA40}.Debug|iPhoneSimulator.ActiveCfg = Debug|iPhoneSimulator
		{61B68AE1-F13A-450B-A2D9-162A2E92BA40}.Debug|iPhoneSimulator.Build.0 = Debug|iPhoneSimulator
		{61B68AE1-F13A-450B-A2D9-162A2E92BA40}.Release|Any CPU.ActiveCfg = Release|iPhone
		{61B68AE1-F13A-450B-A2D9-162A2E92BA40}.Release|Any CPU.Build.0 = Release|iPhone
		{61B68AE1-F13A-450B-A2D9-162A2E92BA40}.Release|iPhone.ActiveCfg = Release|iPhone
		{61B68AE1-F13A-450B-A2D9-162A2E92BA40}.Release|iPhone.Build.0 = Release|iPhone
		{61B68AE1-F13A-450B-A2D9-162A2E92BA40}.Release|iPhoneSimulator.ActiveCfg = Release|iPhoneSimulator
		{61B68AE1-F13A-450B-A2D9-162A2E92BA40}.Release|iPhoneSimulator.Build.0 = Release|iPhoneSimulator
		{929C21ED-CCD9-4772-9C05-FFCBD26B9AD1}.Debug|Any CPU.ActiveCfg = Debug|Any CPU
		{929C21ED-CCD9-4772-9C05-FFCBD26B9AD1}.Debug|Any CPU.Build.0 = Debug|Any CPU
		{929C21ED-CCD9-4772-9C05-FFCBD26B9AD1}.Debug|iPhone.ActiveCfg = Debug|Any CPU
		{929C21ED-CCD9-4772-9C05-FFCBD26B9AD1}.Debug|iPhone.Build.0 = Debug|Any CPU
		{929C21ED-CCD9-4772-9C05-FFCBD26B9AD1}.Debug|iPhoneSimulator.ActiveCfg = Debug|Any CPU
		{929C21ED-CCD9-4772-9C05-FFCBD26B9AD1}.Debug|iPhoneSimulator.Build.0 = Debug|Any CPU
		{929C21ED-CCD9-4772-9C05-FFCBD26B9AD1}.Release|Any CPU.ActiveCfg = Release|Any CPU
		{929C21ED-CCD9-4772-9C05-FFCBD26B9AD1}.Release|Any CPU.Build.0 = Release|Any CPU
		{929C21ED-CCD9-4772-9C05-FFCBD26B9AD1}.Release|iPhone.ActiveCfg = Release|Any CPU
		{929C21ED-CCD9-4772-9C05-FFCBD26B9AD1}.Release|iPhone.Build.0 = Release|Any CPU
		{929C21ED-CCD9-4772-9C05-FFCBD26B9AD1}.Release|iPhoneSimulator.ActiveCfg = Release|Any CPU
		{929C21ED-CCD9-4772-9C05-FFCBD26B9AD1}.Release|iPhoneSimulator.Build.0 = Release|Any CPU
	EndGlobalSection
	GlobalSection(SolutionProperties) = preSolution
		HideSolutionNode = FALSE
	EndGlobalSection
EndGlobal
